
Microsoft Visual Studio Solution File, Format Version 12.00
# Visual Studio Version 16
VisualStudioVersion = 16.0.31112.23
MinimumVisualStudioVersion = 10.0.40219.1
Project("{FAE04EC0-301F-11D3-BF4B-00C04F79EFBC}") = "WindowsFormsApp1", "WindowsFormsApp1\WindowsFormsApp1.csproj", "{9F746A2D-10D9-4AF4-800C-982B2BBF628F}"
EndProject
Global
	GlobalSection(SolutionConfigurationPlatforms) = preSolution
		Debug|Any CPU = Debug|Any CPU
		Release|Any CPU = Release|Any CPU
	EndGlobalSection
	GlobalSection(ProjectConfigurationPlatforms) = postSolution
		{9F746A2D-10D9-4AF4-800C-982B2BBF628F}.Debug|Any CPU.ActiveCfg = Debug|Any CPU
		{9F746A2D-10D9-4AF4-800C-982B2BBF628F}.Debug|Any CPU.Build.0 = Debug|Any CPU
		{9F746A2D-10D9-4AF4-800C-982B2BBF628F}.Release|Any CPU.ActiveCfg = Release|Any CPU
		{9F746A2D-10D9-4AF4-800C-982B2BBF628F}.Release|Any CPU.Build.0 = Release|Any CPU
	EndGlobalSection
	GlobalSection(SolutionProperties) = preSolution
		HideSolutionNode = FALSE
	EndGlobalSection
	GlobalSection(ExtensibilityGlobals) = postSolution
		SolutionGuid = {6DB2DC89-9461-4FE1-95D2-E4214A19C62B}
	EndGlobalSection
EndGlobal
